<?xml version="1.0" encoding="utf-8"?>
<Project ToolsVersion="4.0" xmlns="http://schemas.microsoft.com/developer/msbuild/2003">
  <ItemGroup>
    <Filter Include="agente">
      <UniqueIdentifier>{b1fc65ac-0b6d-492e-b633-7a8b6ec1b68a}</UniqueIdentifier>
    </Filter>
    <Filter Include="core">
      <UniqueIdentifier>{e2d462ff-0a5f-4d39-a6d8-b763556078b5}</UniqueIdentifier>
    </Filter>
    <Filter Include="entorno">
      <UniqueIdentifier>{2e26394a-f4a2-4dda-a561-5c23cd1de3e7}</UniqueIdentifier>
    </Filter>
    <Filter Include="enemigo">
      <UniqueIdentifier>{a516b642-68bc-4237-a45e-c1367983a5b6}</UniqueIdentifier>
    </Filter>
    <Filter Include="orbes">
      <UniqueIdentifier>{d9eee66e-9e90-4a33-b946-76fb7a62cb69}</UniqueIdentifier>
    </Filter>
  </ItemGroup>
  <ItemGroup>
    <ClCompile Include="core\main.cpp">
      <Filter>core</Filter>
    </ClCompile>
    <ClCompile Include="agente\Agente.cpp">
      <Filter>agente</Filter>
    </ClCompile>
    <ClCompile Include="entorno\Barrera.cpp">
      <Filter>entorno</Filter>
    </ClCompile>
    <ClCompile Include="entorno\EntornoMgr.cpp">
      <Filter>entorno</Filter>
    </ClCompile>
    <ClCompile Include="entorno\Grid.cpp">
      <Filter>entorno</Filter>
    </ClCompile>
    <ClCompile Include="entorno\Borde.cpp">
      <Filter>entorno</Filter>
    </ClCompile>
    <ClCompile Include="agente\Shooter.cpp">
      <Filter>agente</Filter>
    </ClCompile>
    <ClCompile Include="enemigo\AStar.cpp">
      <Filter>enemigo</Filter>
    </ClCompile>
    <ClCompile Include="enemigo\Enemigo.cpp">
      <Filter>enemigo</Filter>
    </ClCompile>
    <ClCompile Include="orbes\EnergyOrb.cpp">
      <Filter>orbes</Filter>
    </ClCompile>
    <ClCompile Include="orbes\OrbManager.cpp">
      <Filter>orbes</Filter>
    </ClCompile>
    <ClCompile Include="Node.cpp" />
  </ItemGroup>
  <ItemGroup>
    <ClInclude Include="agente\Agente.h">
      <Filter>agente</Filter>
    </ClInclude>
    <ClInclude Include="entorno\Barrera.h">
      <Filter>entorno</Filter>
    </ClInclude>
    <ClInclude Include="entorno\EntornoMgr.h">
      <Filter>entorno</Filter>
    </ClInclude>
    <ClInclude Include="entorno\Grid.h">
      <Filter>entorno</Filter>
    </ClInclude>
    <ClInclude Include="entorno\Borde.h">
      <Filter>entorno</Filter>
    </ClInclude>
    <ClInclude Include="agente\Shooter.h">
      <Filter>agente</Filter>
    </ClInclude>
    <ClInclude Include="enemigo\AStar.h">
      <Filter>enemigo</Filter>
    </ClInclude>
    <ClInclude Include="enemigo\Enemigo.h">
      <Filter>enemigo</Filter>
    </ClInclude>
    <ClInclude Include="orbes\EnergyOrb.h">
      <Filter>orbes</Filter>
    </ClInclude>
    <ClInclude Include="orbes\OrbManager.h">
      <Filter>orbes</Filter>
    </ClInclude>
    <ClInclude Include="Node.h" />
  </ItemGroup>
</Project>